
Microsoft Visual Studio Solution File, Format Version 12.00
# Visual Studio Version 17
VisualStudioVersion = 17.8.34322.80
MinimumVisualStudioVersion = 10.0.40219.1
Project("{9A19103F-16F7-4668-BE54-9A1E7A4F7556}") = "abremir.AllMyBricks.Platform", "sources\abremir.AllMyBricks.Platform\abremir.AllMyBricks.Platform.csproj", "{AA1EE416-F6AB-4B5B-B508-563534A72D36}"
EndProject
Project("{9A19103F-16F7-4668-BE54-9A1E7A4F7556}") = "abremir.AllMyBricks.Platform.Tests", "tests\abremir.AllMyBricks.Platform.Tests\abremir.AllMyBricks.Platform.Tests.csproj", "{D89E6EFF-7CC5-4355-891B-07E31080D3FD}"
EndProject
Project("{9A19103F-16F7-4668-BE54-9A1E7A4F7556}") = "abremir.AllMyBricks.Onboarding.Shared", "sources\abremir.AllMyBricks.Onboarding.Shared\abremir.AllMyBricks.Onboarding.Shared.csproj", "{C4BCEFAA-1C80-4A61-8A03-EE8D28822887}"
EndProject
Project("{9A19103F-16F7-4668-BE54-9A1E7A4F7556}") = "abremir.AllMyBricks.ThirdParty.Brickset", "sources\abremir.AllMyBricks.ThirdParty.Brickset\abremir.AllMyBricks.ThirdParty.Brickset.csproj", "{94D80FED-2C17-4A8A-B5FF-42CB3ABE38FD}"
EndProject
Project("{9A19103F-16F7-4668-BE54-9A1E7A4F7556}") = "abremir.AllMyBricks.ThirdParty.Brickset.Tests", "tests\abremir.AllMyBricks.ThirdParty.Brickset.Tests\abremir.AllMyBricks.ThirdParty.Brickset.Tests.csproj", "{A0D242D8-70F2-4E2D-B742-02404F6CBEFD}"
EndProject
Project("{9A19103F-16F7-4668-BE54-9A1E7A4F7556}") = "abremir.AllMyBricks.Data", "sources\abremir.AllMyBricks.Data\abremir.AllMyBricks.Data.csproj", "{1E6FCCAA-1018-47A1-944C-4922BD3AE334}"
EndProject
Project("{9A19103F-16F7-4668-BE54-9A1E7A4F7556}") = "abremir.AllMyBricks.Data.Tests", "tests\abremir.AllMyBricks.Data.Tests\abremir.AllMyBricks.Data.Tests.csproj", "{59D9799C-FE03-4121-977D-749F0459CCE0}"
EndProject
Project("{9A19103F-16F7-4668-BE54-9A1E7A4F7556}") = "abremir.AllMyBricks.Onboarding", "sources\abremir.AllMyBricks.Onboarding\abremir.AllMyBricks.Onboarding.csproj", "{9DFCB010-072B-46B0-957A-F9AF097AA07C}"
EndProject
Project("{9A19103F-16F7-4668-BE54-9A1E7A4F7556}") = "abremir.AllMyBricks.Onboarding.Tests", "tests\abremir.AllMyBricks.Onboarding.Tests\abremir.AllMyBricks.Onboarding.Tests.csproj", "{E75592C6-4829-4722-928B-33A3714CB69B}"
EndProject
Project("{9A19103F-16F7-4668-BE54-9A1E7A4F7556}") = "abremir.AllMyBricks.DataSynchronizer", "sources\abremir.AllMyBricks.DataSynchronizer\abremir.AllMyBricks.DataSynchronizer.csproj", "{97B14BDA-41B7-4725-90CD-9A22208BF1C0}"
EndProject
Project("{9A19103F-16F7-4668-BE54-9A1E7A4F7556}") = "abremir.AllMyBricks.DataSynchronizer.Tests", "tests\abremir.AllMyBricks.DataSynchronizer.Tests\abremir.AllMyBricks.DataSynchronizer.Tests.csproj", "{08506CF5-F104-42B4-A841-A3D6877F9227}"
EndProject
Project("{9A19103F-16F7-4668-BE54-9A1E7A4F7556}") = "abremir.AllMyBricks.AssetManagement", "sources\abremir.AllMyBricks.AssetManagement\abremir.AllMyBricks.AssetManagement.csproj", "{ED89327F-643B-4EF9-BBFD-5CE14FA1B9C0}"
EndProject
Project("{9A19103F-16F7-4668-BE54-9A1E7A4F7556}") = "abremir.AllMyBricks.AssetManagement.Tests", "tests\abremir.AllMyBricks.AssetManagement.Tests\abremir.AllMyBricks.AssetManagement.Tests.csproj", "{F449BF3C-1F16-40DF-AF2A-CF9CB9AFFB46}"
EndProject
Project("{9A19103F-16F7-4668-BE54-9A1E7A4F7556}") = "abremir.AllMyBricks.UserManagement", "sources\abremir.AllMyBricks.UserManagement\abremir.AllMyBricks.UserManagement.csproj", "{474C8698-F486-4083-87AE-5CC32B78957F}"
EndProject
Project("{9A19103F-16F7-4668-BE54-9A1E7A4F7556}") = "abremir.AllMyBricks.UserManagement.Tests", "tests\abremir.AllMyBricks.UserManagement.Tests\abremir.AllMyBricks.UserManagement.Tests.csproj", "{EBF234F0-FCB2-4851-87DE-8E24AF87FE83}"
EndProject
Project("{2150E333-8FDC-42A3-9474-1A3956D46DE8}") = "tests", "tests", "{2563C9A1-84A4-407C-8F2A-5C86AF74FAE7}"
EndProject
Global
	GlobalSection(SolutionConfigurationPlatforms) = preSolution
		Debug|Any CPU = Debug|Any CPU
		Debug|x64 = Debug|x64
		Debug|x86 = Debug|x86
		Release|Any CPU = Release|Any CPU
		Release|x64 = Release|x64
		Release|x86 = Release|x86
	EndGlobalSection
	GlobalSection(ProjectConfigurationPlatforms) = postSolution
		{AA1EE416-F6AB-4B5B-B508-563534A72D36}.Debug|Any CPU.ActiveCfg = Debug|Any CPU
		{AA1EE416-F6AB-4B5B-B508-563534A72D36}.Debug|Any CPU.Build.0 = Debug|Any CPU
		{AA1EE416-F6AB-4B5B-B508-563534A72D36}.Debug|x64.ActiveCfg = Debug|Any CPU
		{AA1EE416-F6AB-4B5B-B508-563534A72D36}.Debug|x64.Build.0 = Debug|Any CPU
		{AA1EE416-F6AB-4B5B-B508-563534A72D36}.Debug|x86.ActiveCfg = Debug|Any CPU
		{AA1EE416-F6AB-4B5B-B508-563534A72D36}.Debug|x86.Build.0 = Debug|Any CPU
		{AA1EE416-F6AB-4B5B-B508-563534A72D36}.Release|Any CPU.ActiveCfg = Release|Any CPU
		{AA1EE416-F6AB-4B5B-B508-563534A72D36}.Release|Any CPU.Build.0 = Release|Any CPU
		{AA1EE416-F6AB-4B5B-B508-563534A72D36}.Release|x64.ActiveCfg = Release|Any CPU
		{AA1EE416-F6AB-4B5B-B508-563534A72D36}.Release|x64.Build.0 = Release|Any CPU
		{AA1EE416-F6AB-4B5B-B508-563534A72D36}.Release|x86.ActiveCfg = Release|Any CPU
		{AA1EE416-F6AB-4B5B-B508-563534A72D36}.Release|x86.Build.0 = Release|Any CPU
		{D89E6EFF-7CC5-4355-891B-07E31080D3FD}.Debug|Any CPU.ActiveCfg = Debug|Any CPU
		{D89E6EFF-7CC5-4355-891B-07E31080D3FD}.Debug|Any CPU.Build.0 = Debug|Any CPU
		{D89E6EFF-7CC5-4355-891B-07E31080D3FD}.Debug|x64.ActiveCfg = Debug|Any CPU
		{D89E6EFF-7CC5-4355-891B-07E31080D3FD}.Debug|x64.Build.0 = Debug|Any CPU
		{D89E6EFF-7CC5-4355-891B-07E31080D3FD}.Debug|x86.ActiveCfg = Debug|Any CPU
		{D89E6EFF-7CC5-4355-891B-07E31080D3FD}.Debug|x86.Build.0 = Debug|Any CPU
		{D89E6EFF-7CC5-4355-891B-07E31080D3FD}.Release|Any CPU.ActiveCfg = Release|Any CPU
		{D89E6EFF-7CC5-4355-891B-07E31080D3FD}.Release|Any CPU.Build.0 = Release|Any CPU
		{D89E6EFF-7CC5-4355-891B-07E31080D3FD}.Release|x64.ActiveCfg = Release|Any CPU
		{D89E6EFF-7CC5-4355-891B-07E31080D3FD}.Release|x64.Build.0 = Release|Any CPU
		{D89E6EFF-7CC5-4355-891B-07E31080D3FD}.Release|x86.ActiveCfg = Release|Any CPU
		{D89E6EFF-7CC5-4355-891B-07E31080D3FD}.Release|x86.Build.0 = Release|Any CPU
		{C4BCEFAA-1C80-4A61-8A03-EE8D28822887}.Debug|Any CPU.ActiveCfg = Debug|Any CPU
		{C4BCEFAA-1C80-4A61-8A03-EE8D28822887}.Debug|Any CPU.Build.0 = Debug|Any CPU
		{C4BCEFAA-1C80-4A61-8A03-EE8D28822887}.Debug|x64.ActiveCfg = Debug|Any CPU
		{C4BCEFAA-1C80-4A61-8A03-EE8D28822887}.Debug|x64.Build.0 = Debug|Any CPU
		{C4BCEFAA-1C80-4A61-8A03-EE8D28822887}.Debug|x86.ActiveCfg = Debug|Any CPU
		{C4BCEFAA-1C80-4A61-8A03-EE8D28822887}.Debug|x86.Build.0 = Debug|Any CPU
		{C4BCEFAA-1C80-4A61-8A03-EE8D28822887}.Release|Any CPU.ActiveCfg = Release|Any CPU
		{C4BCEFAA-1C80-4A61-8A03-EE8D28822887}.Release|Any CPU.Build.0 = Release|Any CPU
		{C4BCEFAA-1C80-4A61-8A03-EE8D28822887}.Release|x64.ActiveCfg = Release|Any CPU
		{C4BCEFAA-1C80-4A61-8A03-EE8D28822887}.Release|x64.Build.0 = Release|Any CPU
		{C4BCEFAA-1C80-4A61-8A03-EE8D28822887}.Release|x86.ActiveCfg = Release|Any CPU
		{C4BCEFAA-1C80-4A61-8A03-EE8D28822887}.Release|x86.Build.0 = Release|Any CPU
		{94D80FED-2C17-4A8A-B5FF-42CB3ABE38FD}.Debug|Any CPU.ActiveCfg = Debug|Any CPU
		{94D80FED-2C17-4A8A-B5FF-42CB3ABE38FD}.Debug|Any CPU.Build.0 = Debug|Any CPU
		{94D80FED-2C17-4A8A-B5FF-42CB3ABE38FD}.Debug|x64.ActiveCfg = Debug|Any CPU
		{94D80FED-2C17-4A8A-B5FF-42CB3ABE38FD}.Debug|x64.Build.0 = Debug|Any CPU
		{94D80FED-2C17-4A8A-B5FF-42CB3ABE38FD}.Debug|x86.ActiveCfg = Debug|Any CPU
		{94D80FED-2C17-4A8A-B5FF-42CB3ABE38FD}.Debug|x86.Build.0 = Debug|Any CPU
		{94D80FED-2C17-4A8A-B5FF-42CB3ABE38FD}.Release|Any CPU.ActiveCfg = Release|Any CPU
		{94D80FED-2C17-4A8A-B5FF-42CB3ABE38FD}.Release|Any CPU.Build.0 = Release|Any CPU
		{94D80FED-2C17-4A8A-B5FF-42CB3ABE38FD}.Release|x64.ActiveCfg = Release|Any CPU
		{94D80FED-2C17-4A8A-B5FF-42CB3ABE38FD}.Release|x64.Build.0 = Release|Any CPU
		{94D80FED-2C17-4A8A-B5FF-42CB3ABE38FD}.Release|x86.ActiveCfg = Release|Any CPU
		{94D80FED-2C17-4A8A-B5FF-42CB3ABE38FD}.Release|x86.Build.0 = Release|Any CPU
		{A0D242D8-70F2-4E2D-B742-02404F6CBEFD}.Debug|Any CPU.ActiveCfg = Debug|Any CPU
		{A0D242D8-70F2-4E2D-B742-02404F6CBEFD}.Debug|Any CPU.Build.0 = Debug|Any CPU
		{A0D242D8-70F2-4E2D-B742-02404F6CBEFD}.Debug|x64.ActiveCfg = Debug|Any CPU
		{A0D242D8-70F2-4E2D-B742-02404F6CBEFD}.Debug|x64.Build.0 = Debug|Any CPU
		{A0D242D8-70F2-4E2D-B742-02404F6CBEFD}.Debug|x86.ActiveCfg = Debug|Any CPU
		{A0D242D8-70F2-4E2D-B742-02404F6CBEFD}.Debug|x86.Build.0 = Debug|Any CPU
		{A0D242D8-70F2-4E2D-B742-02404F6CBEFD}.Release|Any CPU.ActiveCfg = Release|Any CPU
		{A0D242D8-70F2-4E2D-B742-02404F6CBEFD}.Release|Any CPU.Build.0 = Release|Any CPU
		{A0D242D8-70F2-4E2D-B742-02404F6CBEFD}.Release|x64.ActiveCfg = Release|Any CPU
		{A0D242D8-70F2-4E2D-B742-02404F6CBEFD}.Release|x64.Build.0 = Release|Any CPU
		{A0D242D8-70F2-4E2D-B742-02404F6CBEFD}.Release|x86.ActiveCfg = Release|Any CPU
		{A0D242D8-70F2-4E2D-B742-02404F6CBEFD}.Release|x86.Build.0 = Release|Any CPU
		{1E6FCCAA-1018-47A1-944C-4922BD3AE334}.Debug|Any CPU.ActiveCfg = Debug|Any CPU
		{1E6FCCAA-1018-47A1-944C-4922BD3AE334}.Debug|Any CPU.Build.0 = Debug|Any CPU
		{1E6FCCAA-1018-47A1-944C-4922BD3AE334}.Debug|x64.ActiveCfg = Debug|Any CPU
		{1E6FCCAA-1018-47A1-944C-4922BD3AE334}.Debug|x64.Build.0 = Debug|Any CPU
		{1E6FCCAA-1018-47A1-944C-4922BD3AE334}.Debug|x86.ActiveCfg = Debug|Any CPU
		{1E6FCCAA-1018-47A1-944C-4922BD3AE334}.Debug|x86.Build.0 = Debug|Any CPU
		{1E6FCCAA-1018-47A1-944C-4922BD3AE334}.Release|Any CPU.ActiveCfg = Release|Any CPU
		{1E6FCCAA-1018-47A1-944C-4922BD3AE334}.Release|Any CPU.Build.0 = Release|Any CPU
		{1E6FCCAA-1018-47A1-944C-4922BD3AE334}.Release|x64.ActiveCfg = Release|Any CPU
		{1E6FCCAA-1018-47A1-944C-4922BD3AE334}.Release|x64.Build.0 = Release|Any CPU
		{1E6FCCAA-1018-47A1-944C-4922BD3AE334}.Release|x86.ActiveCfg = Release|Any CPU
		{1E6FCCAA-1018-47A1-944C-4922BD3AE334}.Release|x86.Build.0 = Release|Any CPU
		{59D9799C-FE03-4121-977D-749F0459CCE0}.Debug|Any CPU.ActiveCfg = Debug|Any CPU
		{59D9799C-FE03-4121-977D-749F0459CCE0}.Debug|Any CPU.Build.0 = Debug|Any CPU
		{59D9799C-FE03-4121-977D-749F0459CCE0}.Debug|x64.ActiveCfg = Debug|Any CPU
		{59D9799C-FE03-4121-977D-749F0459CCE0}.Debug|x64.Build.0 = Debug|Any CPU
		{59D9799C-FE03-4121-977D-749F0459CCE0}.Debug|x86.ActiveCfg = Debug|Any CPU
		{59D9799C-FE03-4121-977D-749F0459CCE0}.Debug|x86.Build.0 = Debug|Any CPU
		{59D9799C-FE03-4121-977D-749F0459CCE0}.Release|Any CPU.ActiveCfg = Release|Any CPU
		{59D9799C-FE03-4121-977D-749F0459CCE0}.Release|Any CPU.Build.0 = Release|Any CPU
		{59D9799C-FE03-4121-977D-749F0459CCE0}.Release|x64.ActiveCfg = Release|Any CPU
		{59D9799C-FE03-4121-977D-749F0459CCE0}.Release|x64.Build.0 = Release|Any CPU
		{59D9799C-FE03-4121-977D-749F0459CCE0}.Release|x86.ActiveCfg = Release|Any CPU
		{59D9799C-FE03-4121-977D-749F0459CCE0}.Release|x86.Build.0 = Release|Any CPU
		{9DFCB010-072B-46B0-957A-F9AF097AA07C}.Debug|Any CPU.ActiveCfg = Debug|Any CPU
		{9DFCB010-072B-46B0-957A-F9AF097AA07C}.Debug|Any CPU.Build.0 = Debug|Any CPU
		{9DFCB010-072B-46B0-957A-F9AF097AA07C}.Debug|x64.ActiveCfg = Debug|Any CPU
		{9DFCB010-072B-46B0-957A-F9AF097AA07C}.Debug|x64.Build.0 = Debug|Any CPU
		{9DFCB010-072B-46B0-957A-F9AF097AA07C}.Debug|x86.ActiveCfg = Debug|Any CPU
		{9DFCB010-072B-46B0-957A-F9AF097AA07C}.Debug|x86.Build.0 = Debug|Any CPU
		{9DFCB010-072B-46B0-957A-F9AF097AA07C}.Release|Any CPU.ActiveCfg = Release|Any CPU
		{9DFCB010-072B-46B0-957A-F9AF097AA07C}.Release|Any CPU.Build.0 = Release|Any CPU
		{9DFCB010-072B-46B0-957A-F9AF097AA07C}.Release|x64.ActiveCfg = Release|Any CPU
		{9DFCB010-072B-46B0-957A-F9AF097AA07C}.Release|x64.Build.0 = Release|Any CPU
		{9DFCB010-072B-46B0-957A-F9AF097AA07C}.Release|x86.ActiveCfg = Release|Any CPU
		{9DFCB010-072B-46B0-957A-F9AF097AA07C}.Release|x86.Build.0 = Release|Any CPU
		{E75592C6-4829-4722-928B-33A3714CB69B}.Debug|Any CPU.ActiveCfg = Debug|Any CPU
		{E75592C6-4829-4722-928B-33A3714CB69B}.Debug|Any CPU.Build.0 = Debug|Any CPU
		{E75592C6-4829-4722-928B-33A3714CB69B}.Debug|x64.ActiveCfg = Debug|Any CPU
		{E75592C6-4829-4722-928B-33A3714CB69B}.Debug|x64.Build.0 = Debug|Any CPU
		{E75592C6-4829-4722-928B-33A3714CB69B}.Debug|x86.ActiveCfg = Debug|Any CPU
		{E75592C6-4829-4722-928B-33A3714CB69B}.Debug|x86.Build.0 = Debug|Any CPU
		{E75592C6-4829-4722-928B-33A3714CB69B}.Release|Any CPU.ActiveCfg = Release|Any CPU
		{E75592C6-4829-4722-928B-33A3714CB69B}.Release|Any CPU.Build.0 = Release|Any CPU
		{E75592C6-4829-4722-928B-33A3714CB69B}.Release|x64.ActiveCfg = Release|Any CPU
		{E75592C6-4829-4722-928B-33A3714CB69B}.Release|x64.Build.0 = Release|Any CPU
		{E75592C6-4829-4722-928B-33A3714CB69B}.Release|x86.ActiveCfg = Release|Any CPU
		{E75592C6-4829-4722-928B-33A3714CB69B}.Release|x86.Build.0 = Release|Any CPU
		{97B14BDA-41B7-4725-90CD-9A22208BF1C0}.Debug|Any CPU.ActiveCfg = Debug|Any CPU
		{97B14BDA-41B7-4725-90CD-9A22208BF1C0}.Debug|Any CPU.Build.0 = Debug|Any CPU
		{97B14BDA-41B7-4725-90CD-9A22208BF1C0}.Debug|x64.ActiveCfg = Debug|Any CPU
		{97B14BDA-41B7-4725-90CD-9A22208BF1C0}.Debug|x64.Build.0 = Debug|Any CPU
		{97B14BDA-41B7-4725-90CD-9A22208BF1C0}.Debug|x86.ActiveCfg = Debug|Any CPU
		{97B14BDA-41B7-4725-90CD-9A22208BF1C0}.Debug|x86.Build.0 = Debug|Any CPU
		{97B14BDA-41B7-4725-90CD-9A22208BF1C0}.Release|Any CPU.ActiveCfg = Release|Any CPU
		{97B14BDA-41B7-4725-90CD-9A22208BF1C0}.Release|Any CPU.Build.0 = Release|Any CPU
		{97B14BDA-41B7-4725-90CD-9A22208BF1C0}.Release|x64.ActiveCfg = Release|Any CPU
		{97B14BDA-41B7-4725-90CD-9A22208BF1C0}.Release|x64.Build.0 = Release|Any CPU
		{97B14BDA-41B7-4725-90CD-9A22208BF1C0}.Release|x86.ActiveCfg = Release|Any CPU
		{97B14BDA-41B7-4725-90CD-9A22208BF1C0}.Release|x86.Build.0 = Release|Any CPU
		{08506CF5-F104-42B4-A841-A3D6877F9227}.Debug|Any CPU.ActiveCfg = Debug|Any CPU
		{08506CF5-F104-42B4-A841-A3D6877F9227}.Debug|Any CPU.Build.0 = Debug|Any CPU
		{08506CF5-F104-42B4-A841-A3D6877F9227}.Debug|x64.ActiveCfg = Debug|Any CPU
		{08506CF5-F104-42B4-A841-A3D6877F9227}.Debug|x64.Build.0 = Debug|Any CPU
		{08506CF5-F104-42B4-A841-A3D6877F9227}.Debug|x86.ActiveCfg = Debug|Any CPU
		{08506CF5-F104-42B4-A841-A3D6877F9227}.Debug|x86.Build.0 = Debug|Any CPU
		{08506CF5-F104-42B4-A841-A3D6877F9227}.Release|Any CPU.ActiveCfg = Release|Any CPU
		{08506CF5-F104-42B4-A841-A3D6877F9227}.Release|Any CPU.Build.0 = Release|Any CPU
		{08506CF5-F104-42B4-A841-A3D6877F9227}.Release|x64.ActiveCfg = Release|Any CPU
		{08506CF5-F104-42B4-A841-A3D6877F9227}.Release|x64.Build.0 = Release|Any CPU
		{08506CF5-F104-42B4-A841-A3D6877F9227}.Release|x86.ActiveCfg = Release|Any CPU
		{08506CF5-F104-42B4-A841-A3D6877F9227}.Release|x86.Build.0 = Release|Any CPU
		{ED89327F-643B-4EF9-BBFD-5CE14FA1B9C0}.Debug|Any CPU.ActiveCfg = Debug|Any CPU
		{ED89327F-643B-4EF9-BBFD-5CE14FA1B9C0}.Debug|Any CPU.Build.0 = Debug|Any CPU
		{ED89327F-643B-4EF9-BBFD-5CE14FA1B9C0}.Debug|x64.ActiveCfg = Debug|Any CPU
		{ED89327F-643B-4EF9-BBFD-5CE14FA1B9C0}.Debug|x64.Build.0 = Debug|Any CPU
		{ED89327F-643B-4EF9-BBFD-5CE14FA1B9C0}.Debug|x86.ActiveCfg = Debug|Any CPU
		{ED89327F-643B-4EF9-BBFD-5CE14FA1B9C0}.Debug|x86.Build.0 = Debug|Any CPU
		{ED89327F-643B-4EF9-BBFD-5CE14FA1B9C0}.Release|Any CPU.ActiveCfg = Release|Any CPU
		{ED89327F-643B-4EF9-BBFD-5CE14FA1B9C0}.Release|Any CPU.Build.0 = Release|Any CPU
		{ED89327F-643B-4EF9-BBFD-5CE14FA1B9C0}.Release|x64.ActiveCfg = Release|Any CPU
		{ED89327F-643B-4EF9-BBFD-5CE14FA1B9C0}.Release|x64.Build.0 = Release|Any CPU
		{ED89327F-643B-4EF9-BBFD-5CE14FA1B9C0}.Release|x86.ActiveCfg = Release|Any CPU
		{ED89327F-643B-4EF9-BBFD-5CE14FA1B9C0}.Release|x86.Build.0 = Release|Any CPU
		{F449BF3C-1F16-40DF-AF2A-CF9CB9AFFB46}.Debug|Any CPU.ActiveCfg = Debug|Any CPU
		{F449BF3C-1F16-40DF-AF2A-CF9CB9AFFB46}.Debug|Any CPU.Build.0 = Debug|Any CPU
		{F449BF3C-1F16-40DF-AF2A-CF9CB9AFFB46}.Debug|x64.ActiveCfg = Debug|Any CPU
		{F449BF3C-1F16-40DF-AF2A-CF9CB9AFFB46}.Debug|x64.Build.0 = Debug|Any CPU
		{F449BF3C-1F16-40DF-AF2A-CF9CB9AFFB46}.Debug|x86.ActiveCfg = Debug|Any CPU
		{F449BF3C-1F16-40DF-AF2A-CF9CB9AFFB46}.Debug|x86.Build.0 = Debug|Any CPU
		{F449BF3C-1F16-40DF-AF2A-CF9CB9AFFB46}.Release|Any CPU.ActiveCfg = Release|Any CPU
		{F449BF3C-1F16-40DF-AF2A-CF9CB9AFFB46}.Release|Any CPU.Build.0 = Release|Any CPU
		{F449BF3C-1F16-40DF-AF2A-CF9CB9AFFB46}.Release|x64.ActiveCfg = Release|Any CPU
		{F449BF3C-1F16-40DF-AF2A-CF9CB9AFFB46}.Release|x64.Build.0 = Release|Any CPU
		{F449BF3C-1F16-40DF-AF2A-CF9CB9AFFB46}.Release|x86.ActiveCfg = Release|Any CPU
		{F449BF3C-1F16-40DF-AF2A-CF9CB9AFFB46}.Release|x86.Build.0 = Release|Any CPU
		{474C8698-F486-4083-87AE-5CC32B78957F}.Debug|Any CPU.ActiveCfg = Debug|Any CPU
		{474C8698-F486-4083-87AE-5CC32B78957F}.Debug|Any CPU.Build.0 = Debug|Any CPU
		{474C8698-F486-4083-87AE-5CC32B78957F}.Debug|x64.ActiveCfg = Debug|Any CPU
		{474C8698-F486-4083-87AE-5CC32B78957F}.Debug|x64.Build.0 = Debug|Any CPU
		{474C8698-F486-4083-87AE-5CC32B78957F}.Debug|x86.ActiveCfg = Debug|Any CPU
		{474C8698-F486-4083-87AE-5CC32B78957F}.Debug|x86.Build.0 = Debug|Any CPU
		{474C8698-F486-4083-87AE-5CC32B78957F}.Release|Any CPU.ActiveCfg = Release|Any CPU
		{474C8698-F486-4083-87AE-5CC32B78957F}.Release|Any CPU.Build.0 = Release|Any CPU
		{474C8698-F486-4083-87AE-5CC32B78957F}.Release|x64.ActiveCfg = Release|Any CPU
		{474C8698-F486-4083-87AE-5CC32B78957F}.Release|x64.Build.0 = Release|Any CPU
		{474C8698-F486-4083-87AE-5CC32B78957F}.Release|x86.ActiveCfg = Release|Any CPU
		{474C8698-F486-4083-87AE-5CC32B78957F}.Release|x86.Build.0 = Release|Any CPU
		{EBF234F0-FCB2-4851-87DE-8E24AF87FE83}.Debug|Any CPU.ActiveCfg = Debug|Any CPU
		{EBF234F0-FCB2-4851-87DE-8E24AF87FE83}.Debug|Any CPU.Build.0 = Debug|Any CPU
		{EBF234F0-FCB2-4851-87DE-8E24AF87FE83}.Debug|x64.ActiveCfg = Debug|Any CPU
		{EBF234F0-FCB2-4851-87DE-8E24AF87FE83}.Debug|x64.Build.0 = Debug|Any CPU
		{EBF234F0-FCB2-4851-87DE-8E24AF87FE83}.Debug|x86.ActiveCfg = Debug|Any CPU
		{EBF234F0-FCB2-4851-87DE-8E24AF87FE83}.Debug|x86.Build.0 = Debug|Any CPU
		{EBF234F0-FCB2-4851-87DE-8E24AF87FE83}.Release|Any CPU.ActiveCfg = Release|Any CPU
		{EBF234F0-FCB2-4851-87DE-8E24AF87FE83}.Release|Any CPU.Build.0 = Release|Any CPU
		{EBF234F0-FCB2-4851-87DE-8E24AF87FE83}.Release|x64.ActiveCfg = Release|Any CPU
		{EBF234F0-FCB2-4851-87DE-8E24AF87FE83}.Release|x64.Build.0 = Release|Any CPU
		{EBF234F0-FCB2-4851-87DE-8E24AF87FE83}.Release|x86.ActiveCfg = Release|Any CPU
		{EBF234F0-FCB2-4851-87DE-8E24AF87FE83}.Release|x86.Build.0 = Release|Any CPU
	EndGlobalSection
	GlobalSection(SolutionProperties) = preSolution
		HideSolutionNode = FALSE
	EndGlobalSection
	GlobalSection(NestedProjects) = preSolution
		{D89E6EFF-7CC5-4355-891B-07E31080D3FD} = {2563C9A1-84A4-407C-8F2A-5C86AF74FAE7}
		{A0D242D8-70F2-4E2D-B742-02404F6CBEFD} = {2563C9A1-84A4-407C-8F2A-5C86AF74FAE7}
		{59D9799C-FE03-4121-977D-749F0459CCE0} = {2563C9A1-84A4-407C-8F2A-5C86AF74FAE7}
		{E75592C6-4829-4722-928B-33A3714CB69B} = {2563C9A1-84A4-407C-8F2A-5C86AF74FAE7}
		{08506CF5-F104-42B4-A841-A3D6877F9227} = {2563C9A1-84A4-407C-8F2A-5C86AF74FAE7}
		{F449BF3C-1F16-40DF-AF2A-CF9CB9AFFB46} = {2563C9A1-84A4-407C-8F2A-5C86AF74FAE7}
		{EBF234F0-FCB2-4851-87DE-8E24AF87FE83} = {2563C9A1-84A4-407C-8F2A-5C86AF74FAE7}
	EndGlobalSection
	GlobalSection(ExtensibilityGlobals) = postSolution
		SolutionGuid = {7E6219EC-677F-4D87-B285-7649B2B1C47A}
	EndGlobalSection
EndGlobal
